
Microsoft Visual Studio Solution File, Format Version 12.00
# Visual Studio Version 16
VisualStudioVersion = 16.0.29418.71
MinimumVisualStudioVersion = 10.0.40219.1
Project("{FAE04EC0-301F-11D3-BF4B-00C04F79EFBC}") = "rise-and-fall", "rise-and-fall\rise-and-fall.csproj", "{13CD948B-D44A-47E0-B14E-F2BD97CC57E7}"
EndProject
Global
	GlobalSection(SolutionConfigurationPlatforms) = preSolution
		Debug|Any CPU = Debug|Any CPU
		Release|Any CPU = Release|Any CPU
	EndGlobalSection
	GlobalSection(ProjectConfigurationPlatforms) = postSolution
		{13CD948B-D44A-47E0-B14E-F2BD97CC57E7}.Debug|Any CPU.ActiveCfg = Debug|Any CPU
		{13CD948B-D44A-47E0-B14E-F2BD97CC57E7}.Debug|Any CPU.Build.0 = Debug|Any CPU
		{13CD948B-D44A-47E0-B14E-F2BD97CC57E7}.Release|Any CPU.ActiveCfg = Release|Any CPU
		{13CD948B-D44A-47E0-B14E-F2BD97CC57E7}.Release|Any CPU.Build.0 = Release|Any CPU
	EndGlobalSection
	GlobalSection(SolutionProperties) = preSolution
		HideSolutionNode = FALSE
	EndGlobalSection
	GlobalSection(ExtensibilityGlobals) = postSolution
		SolutionGuid = {BFBFB162-DD88-4FB8-84B5-1A66A1104D0B}
	EndGlobalSection
EndGlobal
